// !$*UTF8*$!
{
	archiveVersion = 1;
	classes = {
	};
	objectVersion = 46;
	objects = {

/* Begin PBXBuildFile section */
		353517571EE881130069B348 /* ArrayRandomExtension.swift in Sources */ = {isa = PBXBuildFile; fileRef = 353517561EE881130069B348 /* ArrayRandomExtension.swift */; };
		35896BA11EE846E500282B18 /* main.swift in Sources */ = {isa = PBXBuildFile; fileRef = 35896BA01EE846E500282B18 /* main.swift */; };
		35896BA81EE8473000282B18 /* Interactive.swift in Sources */ = {isa = PBXBuildFile; fileRef = 35896BA71EE8473000282B18 /* Interactive.swift */; };
		35896BAA1EE8479100282B18 /* Io.swift in Sources */ = {isa = PBXBuildFile; fileRef = 35896BA91EE8479100282B18 /* Io.swift */; };
/* End PBXBuildFile section */

/* Begin PBXCopyFilesBuildPhase section */
		35896B9B1EE846E500282B18 /* CopyFiles */ = {
			isa = PBXCopyFilesBuildPhase;
			buildActionMask = 2147483647;
			dstPath = /usr/share/man/man1/;
			dstSubfolderSpec = 0;
			files = (
			);
			runOnlyForDeploymentPostprocessing = 1;
		};
/* End PBXCopyFilesBuildPhase section */

/* Begin PBXFileReference section */
		353517561EE881130069B348 /* ArrayRandomExtension.swift */ = {isa = PBXFileReference; fileEncoding = 4; lastKnownFileType = sourcecode.swift; name = ArrayRandomExtension.swift; path = ../../../.Trash/ArrayRandomExtension.swift; sourceTree = "<group>"; };
		35896B9D1EE846E500282B18 /* Rock-Paper-Scissor */ = {isa = PBXFileReference; explicitFileType = "compiled.mach-o.executable"; includeInIndex = 0; path = "Rock-Paper-Scissor"; sourceTree = BUILT_PRODUCTS_DIR; };
		35896BA01EE846E500282B18 /* main.swift */ = {isa = PBXFileReference; lastKnownFileType = sourcecode.swift; path = main.swift; sourceTree = "<group>"; };
		35896BA71EE8473000282B18 /* Interactive.swift */ = {isa = PBXFileReference; fileEncoding = 4; lastKnownFileType = sourcecode.swift; path = Interactive.swift; sourceTree = "<group>"; };
		35896BA91EE8479100282B18 /* Io.swift */ = {isa = PBXFileReference; fileEncoding = 4; lastKnownFileType = sourcecode.swift; path = Io.swift; sourceTree = "<group>"; };
/* End PBXFileReference section */

/* Begin PBXFrameworksBuildPhase section */
		35896B9A1EE846E500282B18 /* Frameworks */ = {
			isa = PBXFrameworksBuildPhase;
			buildActionMask = 2147483647;
			files = (
			);
			runOnlyForDeploymentPostprocessing = 0;
		};
/* End PBXFrameworksBuildPhase section */

/* Begin PBXGroup section */
		35896B941EE846E500282B18 = {
			isa = PBXGroup;
			children = (
				35896B9F1EE846E500282B18 /* Rock-Paper-Scissor */,
				35896B9E1EE846E500282B18 /* Products */,
			);
			sourceTree = "<group>";
		};
		35896B9E1EE846E500282B18 /* Products */ = {
			isa = PBXGroup;
			children = (
				35896B9D1EE846E500282B18 /* Rock-Paper-Scissor */,
			);
			name = Products;
			sourceTree = "<group>";
		};
		35896B9F1EE846E500282B18 /* Rock-Paper-Scissor */ = {
			isa = PBXGroup;
			children = (
				35896BA01EE846E500282B18 /* main.swift */,
				35896BA71EE8473000282B18 /* Interactive.swift */,
				35896BA91EE8479100282B18 /* Io.swift */,
				353517561EE881130069B348 /* ArrayRandomExtension.swift */,
			);
			path = "Rock-Paper-Scissor";
			sourceTree = "<group>";
		};
/* End PBXGroup section */

/* Begin PBXNativeTarget section */
		35896B9C1EE846E500282B18 /* Rock-Paper-Scissor */ = {
			isa = PBXNativeTarget;
			buildConfigurationList = 35896BA41EE846E500282B18 /* Build configuration list for PBXNativeTarget "Rock-Paper-Scissor" */;
			buildPhases = (
				35896B991EE846E500282B18 /* Sources */,
				35896B9A1EE846E500282B18 /* Frameworks */,
				35896B9B1EE846E500282B18 /* CopyFiles */,
			);
			buildRules = (
			);
			dependencies = (
			);
			name = "Rock-Paper-Scissor";
			productName = "Rock-Paper-Scissor";
			productReference = 35896B9D1EE846E500282B18 /* Rock-Paper-Scissor */;
			productType = "com.apple.product-type.tool";
		};
/* End PBXNativeTarget section */

/* Begin PBXProject section */
		35896B951EE846E500282B18 /* Project object */ = {
			isa = PBXProject;
			attributes = {
				LastSwiftUpdateCheck = 0830;
				LastUpgradeCheck = 0830;
				ORGANIZATIONNAME = "Riley Osborne";
				TargetAttributes = {
					35896B9C1EE846E500282B18 = {
						CreatedOnToolsVersion = 8.3.2;
						DevelopmentTeam = 595UP79HPV;
						ProvisioningStyle = Automatic;
					};
				};
			};
			buildConfigurationList = 35896B981EE846E500282B18 /* Build configuration list for PBXProject "Rock-Paper-Scissor" */;
			compatibilityVersion = "Xcode 3.2";
			developmentRegion = English;
			hasScannedForEncodings = 0;
			knownRegions = (
				en,
			);
			mainGroup = 35896B941EE846E500282B18;
			productRefGroup = 35896B9E1EE846E500282B18 /* Products */;
			projectDirPath = "";
			projectRoot = "";
			targets = (
				35896B9C1EE846E500282B18 /* Rock-Paper-Scissor */,
			);
		};
/* End PBXProject section */

/* Begin PBXSourcesBuildPhase section */
		35896B991EE846E500282B18 /* Sources */ = {
			isa = PBXSourcesBuildPhase;
			buildActionMask = 2147483647;
			files = (
				35896BA81EE8473000282B18 /* Interactive.swift in Sources */,
				35896BAA1EE8479100282B18 /* Io.swift in Sources */,
				353517571EE881130069B348 /* ArrayRandomExtension.swift in Sources */,
				35896BA11EE846E500282B18 /* main.swift in Sources */,
			);
			runOnlyForDeploymentPostprocessing = 0;
		};
/* End PBXSourcesBuildPhase section */

/* Begin XCBuildConfiguration section */
		35896BA21EE846E500282B18 /* Debug */ = {
			isa = XCBuildConfiguration;
			buildSettings = {
				ALWAYS_SEARCH_USER_PATHS = NO;
				CLANG_ANALYZER_NONNULL = YES;
				CLANG_ANALYZER_NUMBER_OBJECT_CONVERSION = YES_AGGRESSIVE;
				CLANG_CXX_LANGUAGE_STANDARD = "gnu++0x";
				CLANG_CXX_LIBRARY = "libc++";
				CLANG_ENABLE_MODULES = YES;
				CLANG_ENABLE_OBJC_ARC = YES;
				CLANG_WARN_BOOL_CONVERSION = YES;
				CLANG_WARN_CONSTANT_CONVERSION = YES;
				CLANG_WARN_DIRECT_OBJC_ISA_USAGE = YES_ERROR;
				CLANG_WARN_DOCUMENTATION_COMMENTS = YES;
				CLANG_WARN_EMPTY_BODY = YES;
				CLANG_WARN_ENUM_CONVERSION = YES;
				CLANG_WARN_INFINITE_RECURSION = YES;
				CLANG_WARN_INT_CONVERSION = YES;
				CLANG_WARN_OBJC_ROOT_CLASS = YES_ERROR;
				CLANG_WARN_SUSPICIOUS_MOVE = YES;
				CLANG_WARN_UNREACHABLE_CODE = YES;
				CLANG_WARN__DUPLICATE_METHOD_MATCH = YES;
				CODE_SIGN_IDENTITY = "-";
				COPY_PHASE_STRIP = NO;
				DEBUG_INFORMATION_FORMAT = dwarf;
				ENABLE_STRICT_OBJC_MSGSEND = YES;
				ENABLE_TESTABILITY = YES;
				GCC_C_LANGUAGE_STANDARD = gnu99;
				GCC_DYNAMIC_NO_PIC = NO;
				GCC_NO_COMMON_BLOCKS = YES;
				GCC_OPTIMIZATION_LEVEL = 0;
				GCC_PREPROCESSOR_DEFINITIONS = (
					"DEBUG=1",
					"$(inherited)",
				);
				GCC_WARN_64_TO_32_BIT_CONVERSION = YES;
				GCC_WARN_ABOUT_RETURN_TYPE = YES_ERROR;
				GCC_WARN_UNDECLARED_SELECTOR = YES;
				GCC_WARN_UNINITIALIZED_AUTOS = YES_AGGRESSIVE;
				GCC_WARN_UNUSED_FUNCTION = YES;
				GCC_WARN_UNUSED_VARIABLE = YES;
				MACOSX_DEPLOYMENT_TARGET = 10.12;
				MTL_ENABLE_DEBUG_INFO = YES;
				ONLY_ACTIVE_ARCH = YES;
				SDKROOT = macosx;
				SWIFT_OPTIMIZATION_LEVEL = "-Onone";
			};
			name = Debug;
		};
		35896BA31EE846E500282B18 /* Release */ = {
			isa = XCBuildConfiguration;
			buildSettings = {
				ALWAYS_SEARCH_USER_PATHS = NO;
				CLANG_ANALYZER_NONNULL = YES;
				CLANG_ANALYZER_NUMBER_OBJECT_CONVERSION = YES_AGGRESSIVE;
				CLANG_CXX_LANGUAGE_STANDARD = "gnu++0x";
				CLANG_CXX_LIBRARY = "libc++";
				CLANG_ENABLE_MODULES = YES;
				CLANG_ENABLE_OBJC_ARC = YES;
				CLANG_WARN_BOOL_CONVERSION = YES;
				CLANG_WARN_CONSTANT_CONVERSION = YES;
				CLANG_WARN_DIRECT_OBJC_ISA_USAGE = YES_ERROR;
				CLANG_WARN_DOCUMENTATION_COMMENTS = YES;
				CLANG_WARN_EMPTY_BODY = YES;
				CLANG_WARN_ENUM_CONVERSION = YES;
				CLANG_WARN_INFINITE_RECURSION = YES;
				CLANG_WARN_INT_CONVERSION = YES;
				CLANG_WARN_OBJC_ROOT_CLASS = YES_ERROR;
				CLANG_WARN_SUSPICIOUS_MOVE = YES;
				CLANG_WARN_UNREACHABLE_CODE = YES;
				CLANG_WARN__DUPLICATE_METHOD_MATCH = YES;
				CODE_SIGN_IDENTITY = "-";
				COPY_PHASE_STRIP = NO;
				DEBUG_INFORMATION_FORMAT = "dwarf-with-dsym";
				ENABLE_NS_ASSERTIONS = NO;
				ENABLE_STRICT_OBJC_MSGSEND = YES;
				GCC_C_LANGUAGE_STANDARD = gnu99;
				GCC_NO_COMMON_BLOCKS = YES;
				GCC_WARN_64_TO_32_BIT_CONVERSION = YES;
				GCC_WARN_ABOUT_RETURN_TYPE = YES_ERROR;
				GCC_WARN_UNDECLARED_SELECTOR = YES;
				GCC_WARN_UNINITIALIZED_AUTOS = YES_AGGRESSIVE;
				GCC_WARN_UNUSED_FUNCTION = YES;
				GCC_WARN_UNUSED_VARIABLE = YES;
				MACOSX_DEPLOYMENT_TARGET = 10.12;
				MTL_ENABLE_DEBUG_INFO = NO;
				SDKROOT = macosx;
			};
			name = Release;
		};
		35896BA51EE846E500282B18 /* Debug */ = {
			isa = XCBuildConfiguration;
			buildSettings = {
				DEVELOPMENT_TEAM = 595UP79HPV;
				PRODUCT_NAME = "$(TARGET_NAME)";
				SWIFT_VERSION = 3.0;
			};
			name = Debug;
		};
		35896BA61EE846E500282B18 /* Release */ = {
			isa = XCBuildConfiguration;
			buildSettings = {
				DEVELOPMENT_TEAM = 595UP79HPV;
				PRODUCT_NAME = "$(TARGET_NAME)";
				SWIFT_VERSION = 3.0;
			};
			name = Release;
		};
/* End XCBuildConfiguration section */

/* Begin XCConfigurationList section */
		35896B981EE846E500282B18 /* Build configuration list for PBXProject "Rock-Paper-Scissor" */ = {
			isa = XCConfigurationList;
			buildConfigurations = (
				35896BA21EE846E500282B18 /* Debug */,
				35896BA31EE846E500282B18 /* Release */,
			);
			defaultConfigurationIsVisible = 0;
			defaultConfigurationName = Release;
		};
		35896BA41EE846E500282B18 /* Build configuration list for PBXNativeTarget "Rock-Paper-Scissor" */ = {
			isa = XCConfigurationList;
			buildConfigurations = (
				35896BA51EE846E500282B18 /* Debug */,
				35896BA61EE846E500282B18 /* Release */,
			);
			defaultConfigurationIsVisible = 0;
			defaultConfigurationName = Release;
		};
/* End XCConfigurationList section */
	};
	rootObject = 35896B951EE846E500282B18 /* Project object */;
}
